// !$*UTF8*$!
{
	archiveVersion = 1;
	classes = {
	};
	objectVersion = 46;
	objects = {

/* Begin PBXBuildFile section */
		0C5C66381A1508170072AB64 /* KDGCircularSliderTrackLayer.m in Sources */ = {isa = PBXBuildFile; fileRef = 0C5C66371A1508170072AB64 /* KDGCircularSliderTrackLayer.m */; };
		0C5C66401A150C820072AB64 /* KDGCALayer.m in Sources */ = {isa = PBXBuildFile; fileRef = 0C5C663E1A150C820072AB64 /* KDGCALayer.m */; };
		0C5E11E91A0D69BF00E2C7B4 /* KDGBaseButton.m in Sources */ = {isa = PBXBuildFile; fileRef = 0C5E11E81A0D69BF00E2C7B4 /* KDGBaseButton.m */; };
		0C6196B11A141095006A9D45 /* UIColor+AppColors.m in Sources */ = {isa = PBXBuildFile; fileRef = 0C6196B01A141095006A9D45 /* UIColor+AppColors.m */; };
		0C73F00319FE92D400AABCD3 /* SampleViewController.m in Sources */ = {isa = PBXBuildFile; fileRef = 0C73F00219FE92D400AABCD3 /* SampleViewController.m */; };
		0C73F00719FEDB1000AABCD3 /* UIColor+KDGUtilities.m in Sources */ = {isa = PBXBuildFile; fileRef = 0C73F00619FEDB1000AABCD3 /* UIColor+KDGUtilities.m */; };
		0C73F00B19FEDB1C00AABCD3 /* KDGUtilities.mm in Sources */ = {isa = PBXBuildFile; fileRef = 0C73F00A19FEDB1C00AABCD3 /* KDGUtilities.mm */; };
		0C77664A1A0829A700D790D8 /* BaseViewController.m in Sources */ = {isa = PBXBuildFile; fileRef = 0C7766491A0829A700D790D8 /* BaseViewController.m */; };
		0C9EA83D1A0921B600DD4D97 /* UIDevice+KDGUtilities.m in Sources */ = {isa = PBXBuildFile; fileRef = 0C9EA8391A0921B600DD4D97 /* UIDevice+KDGUtilities.m */; };
		0C9EA83E1A0921B600DD4D97 /* UIScreen+KDGUtilities.m in Sources */ = {isa = PBXBuildFile; fileRef = 0C9EA83C1A0921B600DD4D97 /* UIScreen+KDGUtilities.m */; };
		0C9EA8481A09229200DD4D97 /* KDGCoverVerticalOverCurrentContextAnimatedTransition.m in Sources */ = {isa = PBXBuildFile; fileRef = 0C9EA8471A09229200DD4D97 /* KDGCoverVerticalOverCurrentContextAnimatedTransition.m */; };
		0C9EA84C1A09283800DD4D97 /* UIImage+KDGImageEffects.m in Sources */ = {isa = PBXBuildFile; fileRef = 0C9EA84B1A09283800DD4D97 /* UIImage+KDGImageEffects.m */; };
		0C9EA8581A0987ED00DD4D97 /* KDGBackDoorView.xib in Resources */ = {isa = PBXBuildFile; fileRef = 0C9EA8541A0987ED00DD4D97 /* KDGBackDoorView.xib */; };
		0C9EA8591A0987ED00DD4D97 /* KDGBackDoorViewController.m in Sources */ = {isa = PBXBuildFile; fileRef = 0C9EA8561A0987ED00DD4D97 /* KDGBackDoorViewController.m */; };
		0CA5B93B19C36740001322A0 /* main.m in Sources */ = {isa = PBXBuildFile; fileRef = 0CA5B93A19C36740001322A0 /* main.m */; };
		0CA5B93E19C36740001322A0 /* AppDelegate.m in Sources */ = {isa = PBXBuildFile; fileRef = 0CA5B93D19C36740001322A0 /* AppDelegate.m */; };
		0CA5B94419C36740001322A0 /* Main.storyboard in Resources */ = {isa = PBXBuildFile; fileRef = 0CA5B94219C36740001322A0 /* Main.storyboard */; };
		0CA5B94619C36740001322A0 /* Images.xcassets in Resources */ = {isa = PBXBuildFile; fileRef = 0CA5B94519C36740001322A0 /* Images.xcassets */; };
		0CA5B94919C36740001322A0 /* LaunchScreen.xib in Resources */ = {isa = PBXBuildFile; fileRef = 0CA5B94719C36740001322A0 /* LaunchScreen.xib */; };
		0CA5B95519C36740001322A0 /* orngTests.m in Sources */ = {isa = PBXBuildFile; fileRef = 0CA5B95419C36740001322A0 /* orngTests.m */; };
		0CEE61891A04202500E6E561 /* UIView+KDGAnimation.m in Sources */ = {isa = PBXBuildFile; fileRef = 0CEE61881A04202500E6E561 /* UIView+KDGAnimation.m */; };
		D3157F4819D50766008812CA /* DataModel.m in Sources */ = {isa = PBXBuildFile; fileRef = D3157F3E19D50766008812CA /* DataModel.m */; };
		D3157F4919D50766008812CA /* ClockViewController.m in Sources */ = {isa = PBXBuildFile; fileRef = D3157F4119D50766008812CA /* ClockViewController.m */; };
		D3157F4A19D50766008812CA /* ListViewController.m in Sources */ = {isa = PBXBuildFile; fileRef = D3157F4319D50766008812CA /* ListViewController.m */; };
		D3157F4C19D50766008812CA /* MainViewController.m in Sources */ = {isa = PBXBuildFile; fileRef = D3157F4719D50766008812CA /* MainViewController.m */; };
		D3157F4F19D5084E008812CA /* TestViewController.m in Sources */ = {isa = PBXBuildFile; fileRef = D3157F4D19D5084E008812CA /* TestViewController.m */; };
		D378DD5A1A0AE88A004DB980 /* todo.txt in Resources */ = {isa = PBXBuildFile; fileRef = D378DD581A0AE88A004DB980 /* todo.txt */; };
		D37F832119C7D1FB002D4C58 /* Gruppo-Regular.ttf in Resources */ = {isa = PBXBuildFile; fileRef = D37F832019C7D1FB002D4C58 /* Gruppo-Regular.ttf */; };
		D37F832E19C7D35C002D4C58 /* Audiowide-Regular.ttf in Resources */ = {isa = PBXBuildFile; fileRef = D37F832419C7D35C002D4C58 /* Audiowide-Regular.ttf */; };
		D37F833119C7D35C002D4C58 /* Graduate-Regular.ttf in Resources */ = {isa = PBXBuildFile; fileRef = D37F832719C7D35C002D4C58 /* Graduate-Regular.ttf */; };
		D37F833219C7D35C002D4C58 /* Iceland-Regular.ttf in Resources */ = {isa = PBXBuildFile; fileRef = D37F832819C7D35C002D4C58 /* Iceland-Regular.ttf */; };
		D37F833519C7D35C002D4C58 /* NixieOne-Regular.ttf in Resources */ = {isa = PBXBuildFile; fileRef = D37F832B19C7D35C002D4C58 /* NixieOne-Regular.ttf */; };
		D37F834619C7D408002D4C58 /* PoiretOne-Regular.ttf in Resources */ = {isa = PBXBuildFile; fileRef = D37F834119C7D408002D4C58 /* PoiretOne-Regular.ttf */; };
		D37F834819C7D408002D4C58 /* Righteous-Regular.ttf in Resources */ = {isa = PBXBuildFile; fileRef = D37F834419C7D408002D4C58 /* Righteous-Regular.ttf */; };
		D3A082521A142A5700F2DA1A /* KDGCircularSlider.m in Sources */ = {isa = PBXBuildFile; fileRef = D3A082501A142A5700F2DA1A /* KDGCircularSlider.m */; };
		D3A082551A14399000F2DA1A /* KDGCircularSliderKnobLayer.m in Sources */ = {isa = PBXBuildFile; fileRef = D3A082541A14399000F2DA1A /* KDGCircularSliderKnobLayer.m */; };
		D3ACBCB519D625E600BE15CB /* KDGGridView.m in Sources */ = {isa = PBXBuildFile; fileRef = D3ACBCB019D625E600BE15CB /* KDGGridView.m */; };
		D3ACBCB619D625E600BE15CB /* KDGGridViewCell.m in Sources */ = {isa = PBXBuildFile; fileRef = D3ACBCB219D625E600BE15CB /* KDGGridViewCell.m */; };
		D3E7037519FDABDA00E38E71 /* KDGCommandEngine.m in Sources */ = {isa = PBXBuildFile; fileRef = D3E7037319FDABDA00E38E71 /* KDGCommandEngine.m */; };
		D3E7037B19FDB9DE00E38E71 /* CommandSystem.m in Sources */ = {isa = PBXBuildFile; fileRef = D3E7037A19FDB9DE00E38E71 /* CommandSystem.m */; };
		D3F703A519D8AD0700B55D16 /* GridCell_iPhone.xib in Resources */ = {isa = PBXBuildFile; fileRef = D3F703A319D8AD0700B55D16 /* GridCell_iPhone.xib */; };
		D3F703A819D8B2F500B55D16 /* TestViewCell.m in Sources */ = {isa = PBXBuildFile; fileRef = D3F703A719D8B2F500B55D16 /* TestViewCell.m */; };
/* End PBXBuildFile section */

/* Begin PBXContainerItemProxy section */
		0CA5B94F19C36740001322A0 /* PBXContainerItemProxy */ = {
			isa = PBXContainerItemProxy;
			containerPortal = 0CA5B92D19C36740001322A0 /* Project object */;
			proxyType = 1;
			remoteGlobalIDString = 0CA5B93419C36740001322A0;
			remoteInfo = orng;
		};
/* End PBXContainerItemProxy section */

/* Begin PBXFileReference section */
		0C5C66361A1508170072AB64 /* KDGCircularSliderTrackLayer.h */ = {isa = PBXFileReference; fileEncoding = 4; lastKnownFileType = sourcecode.c.h; path = KDGCircularSliderTrackLayer.h; sourceTree = "<group>"; };
		0C5C66371A1508170072AB64 /* KDGCircularSliderTrackLayer.m */ = {isa = PBXFileReference; fileEncoding = 4; lastKnownFileType = sourcecode.c.objc; path = KDGCircularSliderTrackLayer.m; sourceTree = "<group>"; };
		0C5C663A1A150C820072AB64 /* README.md */ = {isa = PBXFileReference; fileEncoding = 4; lastKnownFileType = net.daringfireball.markdown; path = README.md; sourceTree = "<group>"; };
		0C5C663D1A150C820072AB64 /* KDGCALayer.h */ = {isa = PBXFileReference; fileEncoding = 4; lastKnownFileType = sourcecode.c.h; path = KDGCALayer.h; sourceTree = "<group>"; };
		0C5C663E1A150C820072AB64 /* KDGCALayer.m */ = {isa = PBXFileReference; fileEncoding = 4; lastKnownFileType = sourcecode.c.objc; path = KDGCALayer.m; sourceTree = "<group>"; };
		0C5E11E71A0D69BF00E2C7B4 /* KDGBaseButton.h */ = {isa = PBXFileReference; fileEncoding = 4; lastKnownFileType = sourcecode.c.h; path = KDGBaseButton.h; sourceTree = "<group>"; };
		0C5E11E81A0D69BF00E2C7B4 /* KDGBaseButton.m */ = {isa = PBXFileReference; fileEncoding = 4; lastKnownFileType = sourcecode.c.objc; path = KDGBaseButton.m; sourceTree = "<group>"; };
		0C6196AF1A141095006A9D45 /* UIColor+AppColors.h */ = {isa = PBXFileReference; fileEncoding = 4; lastKnownFileType = sourcecode.c.h; path = "UIColor+AppColors.h"; sourceTree = "<group>"; };
		0C6196B01A141095006A9D45 /* UIColor+AppColors.m */ = {isa = PBXFileReference; fileEncoding = 4; lastKnownFileType = sourcecode.c.objc; path = "UIColor+AppColors.m"; sourceTree = "<group>"; };
		0C73F00119FE92D400AABCD3 /* SampleViewController.h */ = {isa = PBXFileReference; fileEncoding = 4; lastKnownFileType = sourcecode.c.h; path = SampleViewController.h; sourceTree = "<group>"; };
		0C73F00219FE92D400AABCD3 /* SampleViewController.m */ = {isa = PBXFileReference; fileEncoding = 4; lastKnownFileType = sourcecode.c.objc; path = SampleViewController.m; sourceTree = "<group>"; };
		0C73F00519FEDB1000AABCD3 /* UIColor+KDGUtilities.h */ = {isa = PBXFileReference; fileEncoding = 4; lastKnownFileType = sourcecode.c.h; path = "UIColor+KDGUtilities.h"; sourceTree = "<group>"; };
		0C73F00619FEDB1000AABCD3 /* UIColor+KDGUtilities.m */ = {isa = PBXFileReference; fileEncoding = 4; lastKnownFileType = sourcecode.c.objc; path = "UIColor+KDGUtilities.m"; sourceTree = "<group>"; };
		0C73F00919FEDB1C00AABCD3 /* KDGUtilities.h */ = {isa = PBXFileReference; fileEncoding = 4; lastKnownFileType = sourcecode.c.h; path = KDGUtilities.h; sourceTree = "<group>"; };
		0C73F00A19FEDB1C00AABCD3 /* KDGUtilities.mm */ = {isa = PBXFileReference; fileEncoding = 4; lastKnownFileType = sourcecode.cpp.objcpp; path = KDGUtilities.mm; sourceTree = "<group>"; };
		0C7766481A0829A700D790D8 /* BaseViewController.h */ = {isa = PBXFileReference; fileEncoding = 4; lastKnownFileType = sourcecode.c.h; path = BaseViewController.h; sourceTree = "<group>"; };
		0C7766491A0829A700D790D8 /* BaseViewController.m */ = {isa = PBXFileReference; fileEncoding = 4; lastKnownFileType = sourcecode.c.objc; path = BaseViewController.m; sourceTree = "<group>"; };
		0C9EA8381A0921B600DD4D97 /* UIDevice+KDGUtilities.h */ = {isa = PBXFileReference; fileEncoding = 4; lastKnownFileType = sourcecode.c.h; path = "UIDevice+KDGUtilities.h"; sourceTree = "<group>"; };
		0C9EA8391A0921B600DD4D97 /* UIDevice+KDGUtilities.m */ = {isa = PBXFileReference; fileEncoding = 4; lastKnownFileType = sourcecode.c.objc; path = "UIDevice+KDGUtilities.m"; sourceTree = "<group>"; };
		0C9EA83B1A0921B600DD4D97 /* UIScreen+KDGUtilities.h */ = {isa = PBXFileReference; fileEncoding = 4; lastKnownFileType = sourcecode.c.h; path = "UIScreen+KDGUtilities.h"; sourceTree = "<group>"; };
		0C9EA83C1A0921B600DD4D97 /* UIScreen+KDGUtilities.m */ = {isa = PBXFileReference; fileEncoding = 4; lastKnownFileType = sourcecode.c.objc; path = "UIScreen+KDGUtilities.m"; sourceTree = "<group>"; };
		0C9EA8461A09229200DD4D97 /* KDGCoverVerticalOverCurrentContextAnimatedTransition.h */ = {isa = PBXFileReference; fileEncoding = 4; lastKnownFileType = sourcecode.c.h; path = KDGCoverVerticalOverCurrentContextAnimatedTransition.h; sourceTree = "<group>"; };
		0C9EA8471A09229200DD4D97 /* KDGCoverVerticalOverCurrentContextAnimatedTransition.m */ = {isa = PBXFileReference; fileEncoding = 4; lastKnownFileType = sourcecode.c.objc; path = KDGCoverVerticalOverCurrentContextAnimatedTransition.m; sourceTree = "<group>"; };
		0C9EA84A1A09283800DD4D97 /* UIImage+KDGImageEffects.h */ = {isa = PBXFileReference; fileEncoding = 4; lastKnownFileType = sourcecode.c.h; path = "UIImage+KDGImageEffects.h"; sourceTree = "<group>"; };
		0C9EA84B1A09283800DD4D97 /* UIImage+KDGImageEffects.m */ = {isa = PBXFileReference; fileEncoding = 4; lastKnownFileType = sourcecode.c.objc; path = "UIImage+KDGImageEffects.m"; sourceTree = "<group>"; };
		0C9EA8511A0987ED00DD4D97 /* README.md */ = {isa = PBXFileReference; fileEncoding = 4; lastKnownFileType = net.daringfireball.markdown; path = README.md; sourceTree = "<group>"; };
		0C9EA8541A0987ED00DD4D97 /* KDGBackDoorView.xib */ = {isa = PBXFileReference; fileEncoding = 4; lastKnownFileType = file.xib; path = KDGBackDoorView.xib; sourceTree = "<group>"; };
		0C9EA8551A0987ED00DD4D97 /* KDGBackDoorViewController.h */ = {isa = PBXFileReference; fileEncoding = 4; lastKnownFileType = sourcecode.c.h; path = KDGBackDoorViewController.h; sourceTree = "<group>"; };
		0C9EA8561A0987ED00DD4D97 /* KDGBackDoorViewController.m */ = {isa = PBXFileReference; fileEncoding = 4; lastKnownFileType = sourcecode.c.objc; path = KDGBackDoorViewController.m; sourceTree = "<group>"; };
		0CA5B93519C36740001322A0 /* orng.app */ = {isa = PBXFileReference; explicitFileType = wrapper.application; includeInIndex = 0; path = orng.app; sourceTree = BUILT_PRODUCTS_DIR; };
		0CA5B93919C36740001322A0 /* Info.plist */ = {isa = PBXFileReference; lastKnownFileType = text.plist.xml; path = Info.plist; sourceTree = "<group>"; };
		0CA5B93A19C36740001322A0 /* main.m */ = {isa = PBXFileReference; lastKnownFileType = sourcecode.c.objc; path = main.m; sourceTree = "<group>"; };
		0CA5B93C19C36740001322A0 /* AppDelegate.h */ = {isa = PBXFileReference; lastKnownFileType = sourcecode.c.h; path = AppDelegate.h; sourceTree = "<group>"; };
		0CA5B93D19C36740001322A0 /* AppDelegate.m */ = {isa = PBXFileReference; lastKnownFileType = sourcecode.c.objc; path = AppDelegate.m; sourceTree = "<group>"; };
		0CA5B94319C36740001322A0 /* Base */ = {isa = PBXFileReference; lastKnownFileType = file.storyboard; name = Base; path = Base.lproj/Main.storyboard; sourceTree = "<group>"; };
		0CA5B94519C36740001322A0 /* Images.xcassets */ = {isa = PBXFileReference; lastKnownFileType = folder.assetcatalog; path = Images.xcassets; sourceTree = "<group>"; };
		0CA5B94819C36740001322A0 /* Base */ = {isa = PBXFileReference; lastKnownFileType = file.xib; name = Base; path = Base.lproj/LaunchScreen.xib; sourceTree = "<group>"; };
		0CA5B94E19C36740001322A0 /* orngTests.xctest */ = {isa = PBXFileReference; explicitFileType = wrapper.cfbundle; includeInIndex = 0; path = orngTests.xctest; sourceTree = BUILT_PRODUCTS_DIR; };
		0CA5B95319C36740001322A0 /* Info.plist */ = {isa = PBXFileReference; lastKnownFileType = text.plist.xml; path = Info.plist; sourceTree = "<group>"; };
		0CA5B95419C36740001322A0 /* orngTests.m */ = {isa = PBXFileReference; lastKnownFileType = sourcecode.c.objc; path = orngTests.m; sourceTree = "<group>"; };
		0CEE61871A04202500E6E561 /* UIView+KDGAnimation.h */ = {isa = PBXFileReference; fileEncoding = 4; lastKnownFileType = sourcecode.c.h; path = "UIView+KDGAnimation.h"; sourceTree = "<group>"; };
		0CEE61881A04202500E6E561 /* UIView+KDGAnimation.m */ = {isa = PBXFileReference; fileEncoding = 4; lastKnownFileType = sourcecode.c.objc; path = "UIView+KDGAnimation.m"; sourceTree = "<group>"; };
		D3157F3D19D50766008812CA /* DataModel.h */ = {isa = PBXFileReference; fileEncoding = 4; lastKnownFileType = sourcecode.c.h; path = DataModel.h; sourceTree = "<group>"; };
		D3157F3E19D50766008812CA /* DataModel.m */ = {isa = PBXFileReference; fileEncoding = 4; lastKnownFileType = sourcecode.c.objc; path = DataModel.m; sourceTree = "<group>"; };
		D3157F4019D50766008812CA /* ClockViewController.h */ = {isa = PBXFileReference; fileEncoding = 4; lastKnownFileType = sourcecode.c.h; path = ClockViewController.h; sourceTree = "<group>"; };
		D3157F4119D50766008812CA /* ClockViewController.m */ = {isa = PBXFileReference; fileEncoding = 4; lastKnownFileType = sourcecode.c.objc; path = ClockViewController.m; sourceTree = "<group>"; };
		D3157F4219D50766008812CA /* ListViewController.h */ = {isa = PBXFileReference; fileEncoding = 4; lastKnownFileType = sourcecode.c.h; path = ListViewController.h; sourceTree = "<group>"; };
		D3157F4319D50766008812CA /* ListViewController.m */ = {isa = PBXFileReference; fileEncoding = 4; lastKnownFileType = sourcecode.c.objc; path = ListViewController.m; sourceTree = "<group>"; };
		D3157F4619D50766008812CA /* MainViewController.h */ = {isa = PBXFileReference; fileEncoding = 4; lastKnownFileType = sourcecode.c.h; path = MainViewController.h; sourceTree = "<group>"; };
		D3157F4719D50766008812CA /* MainViewController.m */ = {isa = PBXFileReference; fileEncoding = 4; lastKnownFileType = sourcecode.c.objc; path = MainViewController.m; sourceTree = "<group>"; };
		D3157F4D19D5084E008812CA /* TestViewController.m */ = {isa = PBXFileReference; fileEncoding = 4; lastKnownFileType = sourcecode.c.objc; path = TestViewController.m; sourceTree = "<group>"; };
		D3157F4E19D5084E008812CA /* TestViewController.h */ = {isa = PBXFileReference; fileEncoding = 4; lastKnownFileType = sourcecode.c.h; path = TestViewController.h; sourceTree = "<group>"; };
		D3157F5919D50DD9008812CA /* README.md */ = {isa = PBXFileReference; fileEncoding = 4; lastKnownFileType = net.daringfireball.markdown; path = README.md; sourceTree = "<group>"; };
		D378DD581A0AE88A004DB980 /* todo.txt */ = {isa = PBXFileReference; fileEncoding = 4; lastKnownFileType = text; name = todo.txt; path = orng/todo.txt; sourceTree = SOURCE_ROOT; };
		D37F832019C7D1FB002D4C58 /* Gruppo-Regular.ttf */ = {isa = PBXFileReference; lastKnownFileType = file; name = "Gruppo-Regular.ttf"; path = "Fonts/Gruppo/Gruppo-Regular.ttf"; sourceTree = "<group>"; };
		D37F832419C7D35C002D4C58 /* Audiowide-Regular.ttf */ = {isa = PBXFileReference; lastKnownFileType = file; name = "Audiowide-Regular.ttf"; path = "Fonts/Audiowide/Audiowide-Regular.ttf"; sourceTree = "<group>"; };
		D37F832719C7D35C002D4C58 /* Graduate-Regular.ttf */ = {isa = PBXFileReference; lastKnownFileType = file; name = "Graduate-Regular.ttf"; path = "Fonts/Graduate/Graduate-Regular.ttf"; sourceTree = "<group>"; };
		D37F832819C7D35C002D4C58 /* Iceland-Regular.ttf */ = {isa = PBXFileReference; lastKnownFileType = file; name = "Iceland-Regular.ttf"; path = "Fonts/Iceland/Iceland-Regular.ttf"; sourceTree = "<group>"; };
		D37F832B19C7D35C002D4C58 /* NixieOne-Regular.ttf */ = {isa = PBXFileReference; lastKnownFileType = file; name = "NixieOne-Regular.ttf"; path = "Fonts/Nixie_One/NixieOne-Regular.ttf"; sourceTree = "<group>"; };
		D37F834119C7D408002D4C58 /* PoiretOne-Regular.ttf */ = {isa = PBXFileReference; lastKnownFileType = file; path = "PoiretOne-Regular.ttf"; sourceTree = "<group>"; };
		D37F834419C7D408002D4C58 /* Righteous-Regular.ttf */ = {isa = PBXFileReference; lastKnownFileType = file; path = "Righteous-Regular.ttf"; sourceTree = "<group>"; };
		D3A0824C1A142A5700F2DA1A /* README.md */ = {isa = PBXFileReference; fileEncoding = 4; lastKnownFileType = net.daringfireball.markdown; path = README.md; sourceTree = "<group>"; };
		D3A0824F1A142A5700F2DA1A /* KDGCircularSlider.h */ = {isa = PBXFileReference; fileEncoding = 4; lastKnownFileType = sourcecode.c.h; path = KDGCircularSlider.h; sourceTree = "<group>"; };
		D3A082501A142A5700F2DA1A /* KDGCircularSlider.m */ = {isa = PBXFileReference; fileEncoding = 4; lastKnownFileType = sourcecode.c.objc; path = KDGCircularSlider.m; sourceTree = "<group>"; };
		D3A082531A14399000F2DA1A /* KDGCircularSliderKnobLayer.h */ = {isa = PBXFileReference; fileEncoding = 4; lastKnownFileType = sourcecode.c.h; path = KDGCircularSliderKnobLayer.h; sourceTree = "<group>"; };
		D3A082541A14399000F2DA1A /* KDGCircularSliderKnobLayer.m */ = {isa = PBXFileReference; fileEncoding = 4; lastKnownFileType = sourcecode.c.objc; path = KDGCircularSliderKnobLayer.m; sourceTree = "<group>"; };
		D3ACBCAB19D625E600BE15CB /* README.md */ = {isa = PBXFileReference; fileEncoding = 4; lastKnownFileType = net.daringfireball.markdown; path = README.md; sourceTree = "<group>"; };
		D3ACBCAF19D625E600BE15CB /* KDGGridView.h */ = {isa = PBXFileReference; fileEncoding = 4; lastKnownFileType = sourcecode.c.h; path = KDGGridView.h; sourceTree = "<group>"; };
		D3ACBCB019D625E600BE15CB /* KDGGridView.m */ = {isa = PBXFileReference; fileEncoding = 4; lastKnownFileType = sourcecode.c.objc; path = KDGGridView.m; sourceTree = "<group>"; };
		D3ACBCB119D625E600BE15CB /* KDGGridViewCell.h */ = {isa = PBXFileReference; fileEncoding = 4; lastKnownFileType = sourcecode.c.h; path = KDGGridViewCell.h; sourceTree = "<group>"; };
		D3ACBCB219D625E600BE15CB /* KDGGridViewCell.m */ = {isa = PBXFileReference; fileEncoding = 4; lastKnownFileType = sourcecode.c.objc; path = KDGGridViewCell.m; sourceTree = "<group>"; };
		D3E7036F19FDABDA00E38E71 /* README.md */ = {isa = PBXFileReference; fileEncoding = 4; lastKnownFileType = net.daringfireball.markdown; path = README.md; sourceTree = "<group>"; };
		D3E7037219FDABDA00E38E71 /* KDGCommandEngine.h */ = {isa = PBXFileReference; fileEncoding = 4; lastKnownFileType = sourcecode.c.h; path = KDGCommandEngine.h; sourceTree = "<group>"; };
		D3E7037319FDABDA00E38E71 /* KDGCommandEngine.m */ = {isa = PBXFileReference; fileEncoding = 4; lastKnownFileType = sourcecode.c.objc; path = KDGCommandEngine.m; sourceTree = "<group>"; };
		D3E7037919FDB9DE00E38E71 /* CommandSystem.h */ = {isa = PBXFileReference; fileEncoding = 4; lastKnownFileType = sourcecode.c.h; path = CommandSystem.h; sourceTree = "<group>"; };
		D3E7037A19FDB9DE00E38E71 /* CommandSystem.m */ = {isa = PBXFileReference; fileEncoding = 4; lastKnownFileType = sourcecode.c.objc; path = CommandSystem.m; sourceTree = "<group>"; };
		D3F703A419D8AD0700B55D16 /* Base */ = {isa = PBXFileReference; lastKnownFileType = file.xib; name = Base; path = Base.lproj/GridCell_iPhone.xib; sourceTree = "<group>"; };
		D3F703A619D8B2F500B55D16 /* TestViewCell.h */ = {isa = PBXFileReference; fileEncoding = 4; lastKnownFileType = sourcecode.c.h; path = TestViewCell.h; sourceTree = "<group>"; };
		D3F703A719D8B2F500B55D16 /* TestViewCell.m */ = {isa = PBXFileReference; fileEncoding = 4; lastKnownFileType = sourcecode.c.objc; path = TestViewCell.m; sourceTree = "<group>"; };
/* End PBXFileReference section */

/* Begin PBXFrameworksBuildPhase section */
		0CA5B93219C36740001322A0 /* Frameworks */ = {
			isa = PBXFrameworksBuildPhase;
			buildActionMask = 2147483647;
			files = (
			);
			runOnlyForDeploymentPostprocessing = 0;
		};
		0CA5B94B19C36740001322A0 /* Frameworks */ = {
			isa = PBXFrameworksBuildPhase;
			buildActionMask = 2147483647;
			files = (
			);
			runOnlyForDeploymentPostprocessing = 0;
		};
/* End PBXFrameworksBuildPhase section */

/* Begin PBXGroup section */
		0C5C66391A150C820072AB64 /* KDGCALayer */ = {
			isa = PBXGroup;
			children = (
				0C5C663A1A150C820072AB64 /* README.md */,
				0C5C663B1A150C820072AB64 /* src */,
			);
			path = KDGCALayer;
			sourceTree = "<group>";
		};
		0C5C663B1A150C820072AB64 /* src */ = {
			isa = PBXGroup;
			children = (
				0C5C663C1A150C820072AB64 /* iOS */,
			);
			path = src;
			sourceTree = "<group>";
		};
		0C5C663C1A150C820072AB64 /* iOS */ = {
			isa = PBXGroup;
			children = (
				0C5C663D1A150C820072AB64 /* KDGCALayer.h */,
				0C5C663E1A150C820072AB64 /* KDGCALayer.m */,
			);
			path = iOS;
			sourceTree = "<group>";
		};
		0C6196AD1A141095006A9D45 /* Categories */ = {
			isa = PBXGroup;
			children = (
				0C6196AE1A141095006A9D45 /* UIColor+ */,
			);
			path = Categories;
			sourceTree = "<group>";
		};
		0C6196AE1A141095006A9D45 /* UIColor+ */ = {
			isa = PBXGroup;
			children = (
				0C6196AF1A141095006A9D45 /* UIColor+AppColors.h */,
				0C6196B01A141095006A9D45 /* UIColor+AppColors.m */,
			);
			path = "UIColor+";
			sourceTree = "<group>";
		};
		0C73F00419FEDB1000AABCD3 /* UIColor+ */ = {
			isa = PBXGroup;
			children = (
				0C73F00519FEDB1000AABCD3 /* UIColor+KDGUtilities.h */,
				0C73F00619FEDB1000AABCD3 /* UIColor+KDGUtilities.m */,
			);
			path = "UIColor+";
			sourceTree = "<group>";
		};
		0C73F00819FEDB1C00AABCD3 /* Utilities */ = {
			isa = PBXGroup;
			children = (
				0C73F00919FEDB1C00AABCD3 /* KDGUtilities.h */,
				0C73F00A19FEDB1C00AABCD3 /* KDGUtilities.mm */,
			);
			path = Utilities;
			sourceTree = "<group>";
		};
		0C9EA8371A0921B600DD4D97 /* UIDevice+ */ = {
			isa = PBXGroup;
			children = (
				0C9EA8381A0921B600DD4D97 /* UIDevice+KDGUtilities.h */,
				0C9EA8391A0921B600DD4D97 /* UIDevice+KDGUtilities.m */,
			);
			path = "UIDevice+";
			sourceTree = "<group>";
		};
		0C9EA83A1A0921B600DD4D97 /* UIScreen+ */ = {
			isa = PBXGroup;
			children = (
				0C9EA83B1A0921B600DD4D97 /* UIScreen+KDGUtilities.h */,
				0C9EA83C1A0921B600DD4D97 /* UIScreen+KDGUtilities.m */,
			);
			path = "UIScreen+";
			sourceTree = "<group>";
		};
		0C9EA8431A09229200DD4D97 /* KDGCoverVerticalOverCurrentContextAnimatedTransition */ = {
			isa = PBXGroup;
			children = (
				0C9EA8441A09229200DD4D97 /* src */,
			);
			path = KDGCoverVerticalOverCurrentContextAnimatedTransition;
			sourceTree = "<group>";
		};
		0C9EA8441A09229200DD4D97 /* src */ = {
			isa = PBXGroup;
			children = (
				0C9EA8451A09229200DD4D97 /* iOS */,
			);
			path = src;
			sourceTree = "<group>";
		};
		0C9EA8451A09229200DD4D97 /* iOS */ = {
			isa = PBXGroup;
			children = (
				0C9EA8461A09229200DD4D97 /* KDGCoverVerticalOverCurrentContextAnimatedTransition.h */,
				0C9EA8471A09229200DD4D97 /* KDGCoverVerticalOverCurrentContextAnimatedTransition.m */,
			);
			path = iOS;
			sourceTree = "<group>";
		};
		0C9EA8491A09283800DD4D97 /* UIImage+ */ = {
			isa = PBXGroup;
			children = (
				0C9EA84A1A09283800DD4D97 /* UIImage+KDGImageEffects.h */,
				0C9EA84B1A09283800DD4D97 /* UIImage+KDGImageEffects.m */,
			);
			path = "UIImage+";
			sourceTree = "<group>";
		};
		0C9EA8501A0987ED00DD4D97 /* KDGBackDoorView */ = {
			isa = PBXGroup;
			children = (
				0C9EA8511A0987ED00DD4D97 /* README.md */,
				0C9EA8521A0987ED00DD4D97 /* src */,
			);
			path = KDGBackDoorView;
			sourceTree = "<group>";
		};
		0C9EA8521A0987ED00DD4D97 /* src */ = {
			isa = PBXGroup;
			children = (
				0C9EA8531A0987ED00DD4D97 /* iOS */,
			);
			path = src;
			sourceTree = "<group>";
		};
		0C9EA8531A0987ED00DD4D97 /* iOS */ = {
			isa = PBXGroup;
			children = (
				0C9EA8541A0987ED00DD4D97 /* KDGBackDoorView.xib */,
				0C9EA8551A0987ED00DD4D97 /* KDGBackDoorViewController.h */,
				0C9EA8561A0987ED00DD4D97 /* KDGBackDoorViewController.m */,
			);
			path = iOS;
			sourceTree = "<group>";
		};
		0CA5B92C19C36740001322A0 = {
			isa = PBXGroup;
			children = (
				0CA5B93719C36740001322A0 /* orng */,
				0CA5B95119C36740001322A0 /* orngTests */,
				0CA5B93619C36740001322A0 /* Products */,
			);
			sourceTree = "<group>";
		};
		0CA5B93619C36740001322A0 /* Products */ = {
			isa = PBXGroup;
			children = (
				0CA5B93519C36740001322A0 /* orng.app */,
				0CA5B94E19C36740001322A0 /* orngTests.xctest */,
			);
			name = Products;
			sourceTree = "<group>";
		};
		0CA5B93719C36740001322A0 /* orng */ = {
			isa = PBXGroup;
			children = (
				D378DD581A0AE88A004DB980 /* todo.txt */,
				0CA5B94719C36740001322A0 /* LaunchScreen.xib */,
				0CA5B94219C36740001322A0 /* Main.storyboard */,
				D3F703A319D8AD0700B55D16 /* GridCell_iPhone.xib */,
				0CA5B94519C36740001322A0 /* Images.xcassets */,
				0C6196AD1A141095006A9D45 /* Categories */,
				D37F832219C7D20B002D4C58 /* Fonts */,
				0CA5B93C19C36740001322A0 /* AppDelegate.h */,
				0CA5B93D19C36740001322A0 /* AppDelegate.m */,
				D3E7037919FDB9DE00E38E71 /* CommandSystem.h */,
				D3E7037A19FDB9DE00E38E71 /* CommandSystem.m */,
				D3157F3C19D50766008812CA /* DataModel */,
				D3157F3F19D50766008812CA /* UI */,
				D3157F5019D50DA9008812CA /* Components */,
				0CA5B93819C36740001322A0 /* Supporting Files */,
			);
			path = orng;
			sourceTree = "<group>";
		};
		0CA5B93819C36740001322A0 /* Supporting Files */ = {
			isa = PBXGroup;
			children = (
				0CA5B93919C36740001322A0 /* Info.plist */,
				0CA5B93A19C36740001322A0 /* main.m */,
			);
			name = "Supporting Files";
			sourceTree = "<group>";
		};
		0CA5B95119C36740001322A0 /* orngTests */ = {
			isa = PBXGroup;
			children = (
				0CA5B95419C36740001322A0 /* orngTests.m */,
				0CA5B95219C36740001322A0 /* Supporting Files */,
			);
			path = orngTests;
			sourceTree = "<group>";
		};
		0CA5B95219C36740001322A0 /* Supporting Files */ = {
			isa = PBXGroup;
			children = (
				0CA5B95319C36740001322A0 /* Info.plist */,
			);
			name = "Supporting Files";
			sourceTree = "<group>";
		};
		0CEE61861A04202500E6E561 /* UIView+ */ = {
			isa = PBXGroup;
			children = (
				0CEE61871A04202500E6E561 /* UIView+KDGAnimation.h */,
				0CEE61881A04202500E6E561 /* UIView+KDGAnimation.m */,
			);
			path = "UIView+";
			sourceTree = "<group>";
		};
		D3157F3C19D50766008812CA /* DataModel */ = {
			isa = PBXGroup;
			children = (
				D3157F3D19D50766008812CA /* DataModel.h */,
				D3157F3E19D50766008812CA /* DataModel.m */,
			);
			path = DataModel;
			sourceTree = "<group>";
		};
		D3157F3F19D50766008812CA /* UI */ = {
			isa = PBXGroup;
			children = (
				0C7766481A0829A700D790D8 /* BaseViewController.h */,
				0C7766491A0829A700D790D8 /* BaseViewController.m */,
				D3157F4019D50766008812CA /* ClockViewController.h */,
				D3157F4119D50766008812CA /* ClockViewController.m */,
				0C73F00119FE92D400AABCD3 /* SampleViewController.h */,
				0C73F00219FE92D400AABCD3 /* SampleViewController.m */,
				D3157F4219D50766008812CA /* ListViewController.h */,
				D3157F4319D50766008812CA /* ListViewController.m */,
				D3157F4619D50766008812CA /* MainViewController.h */,
				D3157F4719D50766008812CA /* MainViewController.m */,
				D3F703A619D8B2F500B55D16 /* TestViewCell.h */,
				D3F703A719D8B2F500B55D16 /* TestViewCell.m */,
				D3157F4E19D5084E008812CA /* TestViewController.h */,
				D3157F4D19D5084E008812CA /* TestViewController.m */,
				0C5E11E71A0D69BF00E2C7B4 /* KDGBaseButton.h */,
				0C5E11E81A0D69BF00E2C7B4 /* KDGBaseButton.m */,
			);
			path = UI;
			sourceTree = "<group>";
		};
		D3157F5019D50DA9008812CA /* Components */ = {
			isa = PBXGroup;
			children = (
				0C9EA8501A0987ED00DD4D97 /* KDGBackDoorView */,
				0C5C66391A150C820072AB64 /* KDGCALayer */,
				D3A0824B1A142A5700F2DA1A /* KDGCircularSlider */,
				D3E7036E19FDABDA00E38E71 /* KDGCommandEngine */,
				0C9EA8431A09229200DD4D97 /* KDGCoverVerticalOverCurrentContextAnimatedTransition */,
				D3ACBCAA19D625E600BE15CB /* KDGGridView */,
				D3157F5119D50DA9008812CA /* KDGUtilities */,
			);
			path = Components;
			sourceTree = "<group>";
		};
		D3157F5119D50DA9008812CA /* KDGUtilities */ = {
			isa = PBXGroup;
			children = (
				D3157F5919D50DD9008812CA /* README.md */,
				D3157F5219D50DA9008812CA /* src */,
			);
			path = KDGUtilities;
			sourceTree = "<group>";
		};
		D3157F5219D50DA9008812CA /* src */ = {
			isa = PBXGroup;
			children = (
				D3157F5319D50DA9008812CA /* Cocoa */,
				D3157F5419D50DA9008812CA /* iOS */,
				D3157F5719D50DA9008812CA /* MacOS */,
			);
			path = src;
			sourceTree = "<group>";
		};
		D3157F5319D50DA9008812CA /* Cocoa */ = {
			isa = PBXGroup;
			children = (
				0C73F00819FEDB1C00AABCD3 /* Utilities */,
			);
			path = Cocoa;
			sourceTree = "<group>";
		};
		D3157F5419D50DA9008812CA /* iOS */ = {
			isa = PBXGroup;
			children = (
				0C9EA8491A09283800DD4D97 /* UIImage+ */,
				0C73F00419FEDB1000AABCD3 /* UIColor+ */,
				0C9EA8371A0921B600DD4D97 /* UIDevice+ */,
				0C9EA83A1A0921B600DD4D97 /* UIScreen+ */,
				0CEE61861A04202500E6E561 /* UIView+ */,
			);
			path = iOS;
			sourceTree = "<group>";
		};
		D3157F5719D50DA9008812CA /* MacOS */ = {
			isa = PBXGroup;
			children = (
			);
			path = MacOS;
			sourceTree = "<group>";
		};
		D37F832219C7D20B002D4C58 /* Fonts */ = {
			isa = PBXGroup;
			children = (
				D37F833819C7D369002D4C58 /* Audiowide */,
				D37F833A19C7D381002D4C58 /* Graduate */,
				D37F832319C7D214002D4C58 /* Gruppo */,
				D37F833B19C7D389002D4C58 /* Iceland */,
				D37F833E19C7D3A2002D4C58 /* Nixie_One */,
				D37F833F19C7D408002D4C58 /* Poiret_One */,
				D37F834219C7D408002D4C58 /* Righteous */,
			);
			name = Fonts;
			sourceTree = "<group>";
		};
		D37F832319C7D214002D4C58 /* Gruppo */ = {
			isa = PBXGroup;
			children = (
				D37F832019C7D1FB002D4C58 /* Gruppo-Regular.ttf */,
			);
			name = Gruppo;
			sourceTree = "<group>";
		};
		D37F833819C7D369002D4C58 /* Audiowide */ = {
			isa = PBXGroup;
			children = (
				D37F832419C7D35C002D4C58 /* Audiowide-Regular.ttf */,
			);
			name = Audiowide;
			sourceTree = "<group>";
		};
		D37F833A19C7D381002D4C58 /* Graduate */ = {
			isa = PBXGroup;
			children = (
				D37F832719C7D35C002D4C58 /* Graduate-Regular.ttf */,
			);
			name = Graduate;
			sourceTree = "<group>";
		};
		D37F833B19C7D389002D4C58 /* Iceland */ = {
			isa = PBXGroup;
			children = (
				D37F832819C7D35C002D4C58 /* Iceland-Regular.ttf */,
			);
			name = Iceland;
			sourceTree = "<group>";
		};
		D37F833E19C7D3A2002D4C58 /* Nixie_One */ = {
			isa = PBXGroup;
			children = (
				D37F832B19C7D35C002D4C58 /* NixieOne-Regular.ttf */,
			);
			name = Nixie_One;
			sourceTree = "<group>";
		};
		D37F833F19C7D408002D4C58 /* Poiret_One */ = {
			isa = PBXGroup;
			children = (
				D37F834119C7D408002D4C58 /* PoiretOne-Regular.ttf */,
			);
			name = Poiret_One;
			path = Fonts/Poiret_One;
			sourceTree = "<group>";
		};
		D37F834219C7D408002D4C58 /* Righteous */ = {
			isa = PBXGroup;
			children = (
				D37F834419C7D408002D4C58 /* Righteous-Regular.ttf */,
			);
			name = Righteous;
			path = Fonts/Righteous;
			sourceTree = "<group>";
		};
		D3A0824B1A142A5700F2DA1A /* KDGCircularSlider */ = {
			isa = PBXGroup;
			children = (
				D3A0824C1A142A5700F2DA1A /* README.md */,
				D3A0824D1A142A5700F2DA1A /* src */,
			);
			path = KDGCircularSlider;
			sourceTree = "<group>";
		};
		D3A0824D1A142A5700F2DA1A /* src */ = {
			isa = PBXGroup;
			children = (
				D3A0824E1A142A5700F2DA1A /* iOS */,
			);
			path = src;
			sourceTree = "<group>";
		};
		D3A0824E1A142A5700F2DA1A /* iOS */ = {
			isa = PBXGroup;
			children = (
				D3A0824F1A142A5700F2DA1A /* KDGCircularSlider.h */,
				D3A082501A142A5700F2DA1A /* KDGCircularSlider.m */,
				D3A082531A14399000F2DA1A /* KDGCircularSliderKnobLayer.h */,
				D3A082541A14399000F2DA1A /* KDGCircularSliderKnobLayer.m */,
				0C5C66361A1508170072AB64 /* KDGCircularSliderTrackLayer.h */,
				0C5C66371A1508170072AB64 /* KDGCircularSliderTrackLayer.m */,
			);
			path = iOS;
			sourceTree = "<group>";
		};
		D3ACBCAA19D625E600BE15CB /* KDGGridView */ = {
			isa = PBXGroup;
			children = (
				D3ACBCAB19D625E600BE15CB /* README.md */,
				D3ACBCAC19D625E600BE15CB /* src */,
			);
			path = KDGGridView;
			sourceTree = "<group>";
		};
		D3ACBCAC19D625E600BE15CB /* src */ = {
			isa = PBXGroup;
			children = (
				D3ACBCAD19D625E600BE15CB /* Cocoa */,
				D3ACBCAE19D625E600BE15CB /* iOS */,
				D3ACBCB319D625E600BE15CB /* MacOS */,
			);
			path = src;
			sourceTree = "<group>";
		};
		D3ACBCAD19D625E600BE15CB /* Cocoa */ = {
			isa = PBXGroup;
			children = (
			);
			path = Cocoa;
			sourceTree = "<group>";
		};
		D3ACBCAE19D625E600BE15CB /* iOS */ = {
			isa = PBXGroup;
			children = (
				D3ACBCAF19D625E600BE15CB /* KDGGridView.h */,
				D3ACBCB019D625E600BE15CB /* KDGGridView.m */,
				D3ACBCB119D625E600BE15CB /* KDGGridViewCell.h */,
				D3ACBCB219D625E600BE15CB /* KDGGridViewCell.m */,
			);
			path = iOS;
			sourceTree = "<group>";
		};
		D3ACBCB319D625E600BE15CB /* MacOS */ = {
			isa = PBXGroup;
			children = (
			);
			path = MacOS;
			sourceTree = "<group>";
		};
		D3E7036E19FDABDA00E38E71 /* KDGCommandEngine */ = {
			isa = PBXGroup;
			children = (
				D3E7036F19FDABDA00E38E71 /* README.md */,
				D3E7037019FDABDA00E38E71 /* src */,
			);
			path = KDGCommandEngine;
			sourceTree = "<group>";
		};
		D3E7037019FDABDA00E38E71 /* src */ = {
			isa = PBXGroup;
			children = (
				D3E7037119FDABDA00E38E71 /* Cocoa */,
			);
			path = src;
			sourceTree = "<group>";
		};
		D3E7037119FDABDA00E38E71 /* Cocoa */ = {
			isa = PBXGroup;
			children = (
				D3E7037219FDABDA00E38E71 /* KDGCommandEngine.h */,
				D3E7037319FDABDA00E38E71 /* KDGCommandEngine.m */,
			);
			path = Cocoa;
			sourceTree = "<group>";
		};
/* End PBXGroup section */

/* Begin PBXNativeTarget section */
		0CA5B93419C36740001322A0 /* orng */ = {
			isa = PBXNativeTarget;
			buildConfigurationList = 0CA5B95819C36740001322A0 /* Build configuration list for PBXNativeTarget "orng" */;
			buildPhases = (
				0CA5B93119C36740001322A0 /* Sources */,
				0CA5B93219C36740001322A0 /* Frameworks */,
				0CA5B93319C36740001322A0 /* Resources */,
			);
			buildRules = (
			);
			dependencies = (
			);
			name = orng;
			productName = orng;
			productReference = 0CA5B93519C36740001322A0 /* orng.app */;
			productType = "com.apple.product-type.application";
		};
		0CA5B94D19C36740001322A0 /* orngTests */ = {
			isa = PBXNativeTarget;
			buildConfigurationList = 0CA5B95B19C36740001322A0 /* Build configuration list for PBXNativeTarget "orngTests" */;
			buildPhases = (
				0CA5B94A19C36740001322A0 /* Sources */,
				0CA5B94B19C36740001322A0 /* Frameworks */,
				0CA5B94C19C36740001322A0 /* Resources */,
			);
			buildRules = (
			);
			dependencies = (
				0CA5B95019C36740001322A0 /* PBXTargetDependency */,
			);
			name = orngTests;
			productName = orngTests;
			productReference = 0CA5B94E19C36740001322A0 /* orngTests.xctest */;
			productType = "com.apple.product-type.bundle.unit-test";
		};
/* End PBXNativeTarget section */

/* Begin PBXProject section */
		0CA5B92D19C36740001322A0 /* Project object */ = {
			isa = PBXProject;
			attributes = {
				LastUpgradeCheck = 0600;
				ORGANIZATIONNAME = mitchkram;
				TargetAttributes = {
					0CA5B93419C36740001322A0 = {
						CreatedOnToolsVersion = 6.0;
						DevelopmentTeam = 3VQZX5B72G;
					};
					0CA5B94D19C36740001322A0 = {
						CreatedOnToolsVersion = 6.0;
						TestTargetID = 0CA5B93419C36740001322A0;
					};
				};
			};
			buildConfigurationList = 0CA5B93019C36740001322A0 /* Build configuration list for PBXProject "orng" */;
			compatibilityVersion = "Xcode 3.2";
			developmentRegion = English;
			hasScannedForEncodings = 0;
			knownRegions = (
				en,
				Base,
			);
			mainGroup = 0CA5B92C19C36740001322A0;
			productRefGroup = 0CA5B93619C36740001322A0 /* Products */;
			projectDirPath = "";
			projectRoot = "";
			targets = (
				0CA5B93419C36740001322A0 /* orng */,
				0CA5B94D19C36740001322A0 /* orngTests */,
			);
		};
/* End PBXProject section */

/* Begin PBXResourcesBuildPhase section */
		0CA5B93319C36740001322A0 /* Resources */ = {
			isa = PBXResourcesBuildPhase;
			buildActionMask = 2147483647;
			files = (
				D378DD5A1A0AE88A004DB980 /* todo.txt in Resources */,
				D37F834619C7D408002D4C58 /* PoiretOne-Regular.ttf in Resources */,
				0CA5B94419C36740001322A0 /* Main.storyboard in Resources */,
				0C9EA8581A0987ED00DD4D97 /* KDGBackDoorView.xib in Resources */,
				D37F833519C7D35C002D4C58 /* NixieOne-Regular.ttf in Resources */,
				0CA5B94919C36740001322A0 /* LaunchScreen.xib in Resources */,
				D37F832119C7D1FB002D4C58 /* Gruppo-Regular.ttf in Resources */,
				D37F833119C7D35C002D4C58 /* Graduate-Regular.ttf in Resources */,
				D37F834819C7D408002D4C58 /* Righteous-Regular.ttf in Resources */,
				D3F703A519D8AD0700B55D16 /* GridCell_iPhone.xib in Resources */,
				D37F832E19C7D35C002D4C58 /* Audiowide-Regular.ttf in Resources */,
				0CA5B94619C36740001322A0 /* Images.xcassets in Resources */,
				D37F833219C7D35C002D4C58 /* Iceland-Regular.ttf in Resources */,
			);
			runOnlyForDeploymentPostprocessing = 0;
		};
		0CA5B94C19C36740001322A0 /* Resources */ = {
			isa = PBXResourcesBuildPhase;
			buildActionMask = 2147483647;
			files = (
			);
			runOnlyForDeploymentPostprocessing = 0;
		};
/* End PBXResourcesBuildPhase section */

/* Begin PBXSourcesBuildPhase section */
		0CA5B93119C36740001322A0 /* Sources */ = {
			isa = PBXSourcesBuildPhase;
			buildActionMask = 2147483647;
			files = (
				0C9EA8591A0987ED00DD4D97 /* KDGBackDoorViewController.m in Sources */,
				0C6196B11A141095006A9D45 /* UIColor+AppColors.m in Sources */,
				D3A082551A14399000F2DA1A /* KDGCircularSliderKnobLayer.m in Sources */,
				0C77664A1A0829A700D790D8 /* BaseViewController.m in Sources */,
				D3ACBCB519D625E600BE15CB /* KDGGridView.m in Sources */,
				D3157F4C19D50766008812CA /* MainViewController.m in Sources */,
				0C5C66401A150C820072AB64 /* KDGCALayer.m in Sources */,
				0CEE61891A04202500E6E561 /* UIView+KDGAnimation.m in Sources */,
				0C5E11E91A0D69BF00E2C7B4 /* KDGBaseButton.m in Sources */,
				D3ACBCB619D625E600BE15CB /* KDGGridViewCell.m in Sources */,
				0C9EA83E1A0921B600DD4D97 /* UIScreen+KDGUtilities.m in Sources */,
				0C9EA8481A09229200DD4D97 /* KDGCoverVerticalOverCurrentContextAnimatedTransition.m in Sources */,
				0CA5B93E19C36740001322A0 /* AppDelegate.m in Sources */,
				D3E7037519FDABDA00E38E71 /* KDGCommandEngine.m in Sources */,
				D3157F4819D50766008812CA /* DataModel.m in Sources */,
				D3A082521A142A5700F2DA1A /* KDGCircularSlider.m in Sources */,
				0C5C66381A1508170072AB64 /* KDGCircularSliderTrackLayer.m in Sources */,
				D3157F4A19D50766008812CA /* ListViewController.m in Sources */,
				0C9EA83D1A0921B600DD4D97 /* UIDevice+KDGUtilities.m in Sources */,
				D3157F4F19D5084E008812CA /* TestViewController.m in Sources */,
				0C9EA84C1A09283800DD4D97 /* UIImage+KDGImageEffects.m in Sources */,
				D3F703A819D8B2F500B55D16 /* TestViewCell.m in Sources */,
				0C73F00B19FEDB1C00AABCD3 /* KDGUtilities.mm in Sources */,
				0C73F00319FE92D400AABCD3 /* SampleViewController.m in Sources */,
				D3E7037B19FDB9DE00E38E71 /* CommandSystem.m in Sources */,
				0C73F00719FEDB1000AABCD3 /* UIColor+KDGUtilities.m in Sources */,
				0CA5B93B19C36740001322A0 /* main.m in Sources */,
				D3157F4919D50766008812CA /* ClockViewController.m in Sources */,
			);
			runOnlyForDeploymentPostprocessing = 0;
		};
		0CA5B94A19C36740001322A0 /* Sources */ = {
			isa = PBXSourcesBuildPhase;
			buildActionMask = 2147483647;
			files = (
				0CA5B95519C36740001322A0 /* orngTests.m in Sources */,
			);
			runOnlyForDeploymentPostprocessing = 0;
		};
/* End PBXSourcesBuildPhase section */

/* Begin PBXTargetDependency section */
		0CA5B95019C36740001322A0 /* PBXTargetDependency */ = {
			isa = PBXTargetDependency;
			target = 0CA5B93419C36740001322A0 /* orng */;
			targetProxy = 0CA5B94F19C36740001322A0 /* PBXContainerItemProxy */;
		};
/* End PBXTargetDependency section */

/* Begin PBXVariantGroup section */
		0CA5B94219C36740001322A0 /* Main.storyboard */ = {
			isa = PBXVariantGroup;
			children = (
				0CA5B94319C36740001322A0 /* Base */,
			);
			name = Main.storyboard;
			sourceTree = "<group>";
		};
		0CA5B94719C36740001322A0 /* LaunchScreen.xib */ = {
			isa = PBXVariantGroup;
			children = (
				0CA5B94819C36740001322A0 /* Base */,
			);
			name = LaunchScreen.xib;
			sourceTree = "<group>";
		};
		D3F703A319D8AD0700B55D16 /* GridCell_iPhone.xib */ = {
			isa = PBXVariantGroup;
			children = (
				D3F703A419D8AD0700B55D16 /* Base */,
			);
			name = GridCell_iPhone.xib;
			sourceTree = "<group>";
		};
/* End PBXVariantGroup section */

/* Begin XCBuildConfiguration section */
		0CA5B95619C36740001322A0 /* Debug */ = {
			isa = XCBuildConfiguration;
			buildSettings = {
				ALWAYS_SEARCH_USER_PATHS = NO;
				CLANG_CXX_LANGUAGE_STANDARD = "gnu++0x";
				CLANG_CXX_LIBRARY = "libc++";
				CLANG_ENABLE_MODULES = YES;
				CLANG_ENABLE_OBJC_ARC = YES;
				CLANG_WARN_BOOL_CONVERSION = YES;
				CLANG_WARN_CONSTANT_CONVERSION = YES;
				CLANG_WARN_DIRECT_OBJC_ISA_USAGE = YES_ERROR;
				CLANG_WARN_EMPTY_BODY = YES;
				CLANG_WARN_ENUM_CONVERSION = YES;
				CLANG_WARN_INT_CONVERSION = YES;
				CLANG_WARN_OBJC_ROOT_CLASS = YES_ERROR;
				CLANG_WARN_UNREACHABLE_CODE = YES;
				CLANG_WARN__DUPLICATE_METHOD_MATCH = YES;
				"CODE_SIGN_IDENTITY[sdk=iphoneos*]" = "iPhone Developer";
				COPY_PHASE_STRIP = NO;
				ENABLE_STRICT_OBJC_MSGSEND = YES;
				GCC_C_LANGUAGE_STANDARD = gnu99;
				GCC_DYNAMIC_NO_PIC = NO;
				GCC_OPTIMIZATION_LEVEL = 0;
				GCC_PREPROCESSOR_DEFINITIONS = (
					"DEBUG=1",
					"$(inherited)",
				);
				GCC_SYMBOLS_PRIVATE_EXTERN = NO;
				GCC_WARN_64_TO_32_BIT_CONVERSION = YES;
				GCC_WARN_ABOUT_RETURN_TYPE = YES_ERROR;
				GCC_WARN_UNDECLARED_SELECTOR = YES;
				GCC_WARN_UNINITIALIZED_AUTOS = YES_AGGRESSIVE;
				GCC_WARN_UNUSED_FUNCTION = YES;
				GCC_WARN_UNUSED_VARIABLE = YES;
				IPHONEOS_DEPLOYMENT_TARGET = 8.0;
				MTL_ENABLE_DEBUG_INFO = YES;
				ONLY_ACTIVE_ARCH = YES;
				SDKROOT = iphoneos;
				TARGETED_DEVICE_FAMILY = "1,2";
			};
			name = Debug;
		};
		0CA5B95719C36740001322A0 /* Release */ = {
			isa = XCBuildConfiguration;
			buildSettings = {
				ALWAYS_SEARCH_USER_PATHS = NO;
				CLANG_CXX_LANGUAGE_STANDARD = "gnu++0x";
				CLANG_CXX_LIBRARY = "libc++";
				CLANG_ENABLE_MODULES = YES;
				CLANG_ENABLE_OBJC_ARC = YES;
				CLANG_WARN_BOOL_CONVERSION = YES;
				CLANG_WARN_CONSTANT_CONVERSION = YES;
				CLANG_WARN_DIRECT_OBJC_ISA_USAGE = YES_ERROR;
				CLANG_WARN_EMPTY_BODY = YES;
				CLANG_WARN_ENUM_CONVERSION = YES;
				CLANG_WARN_INT_CONVERSION = YES;
				CLANG_WARN_OBJC_ROOT_CLASS = YES_ERROR;
				CLANG_WARN_UNREACHABLE_CODE = YES;
				CLANG_WARN__DUPLICATE_METHOD_MATCH = YES;
				"CODE_SIGN_IDENTITY[sdk=iphoneos*]" = "iPhone Developer";
				COPY_PHASE_STRIP = YES;
				ENABLE_NS_ASSERTIONS = NO;
				ENABLE_STRICT_OBJC_MSGSEND = YES;
				GCC_C_LANGUAGE_STANDARD = gnu99;
				GCC_WARN_64_TO_32_BIT_CONVERSION = YES;
				GCC_WARN_ABOUT_RETURN_TYPE = YES_ERROR;
				GCC_WARN_UNDECLARED_SELECTOR = YES;
				GCC_WARN_UNINITIALIZED_AUTOS = YES_AGGRESSIVE;
				GCC_WARN_UNUSED_FUNCTION = YES;
				GCC_WARN_UNUSED_VARIABLE = YES;
				IPHONEOS_DEPLOYMENT_TARGET = 8.0;
				MTL_ENABLE_DEBUG_INFO = NO;
				SDKROOT = iphoneos;
				TARGETED_DEVICE_FAMILY = "1,2";
				VALIDATE_PRODUCT = YES;
			};
			name = Release;
		};
		0CA5B95919C36740001322A0 /* Debug */ = {
			isa = XCBuildConfiguration;
			buildSettings = {
				ASSETCATALOG_COMPILER_APPICON_NAME = AppIcon;
				CODE_SIGN_IDENTITY = "iPhone Developer";
				"CODE_SIGN_IDENTITY[sdk=iphoneos*]" = "iPhone Developer";
				INFOPLIST_FILE = orng/Info.plist;
				IPHONEOS_DEPLOYMENT_TARGET = 7.1;
				LD_RUNPATH_SEARCH_PATHS = "$(inherited) @executable_path/Frameworks";
				PRODUCT_NAME = "$(TARGET_NAME)";
				PROVISIONING_PROFILE = "";
			};
			name = Debug;
		};
		0CA5B95A19C36740001322A0 /* Release */ = {
			isa = XCBuildConfiguration;
			buildSettings = {
				ASSETCATALOG_COMPILER_APPICON_NAME = AppIcon;
				CODE_SIGN_IDENTITY = "iPhone Developer";
				"CODE_SIGN_IDENTITY[sdk=iphoneos*]" = "iPhone Developer";
				INFOPLIST_FILE = orng/Info.plist;
				IPHONEOS_DEPLOYMENT_TARGET = 7.1;
				LD_RUNPATH_SEARCH_PATHS = "$(inherited) @executable_path/Frameworks";
				PRODUCT_NAME = "$(TARGET_NAME)";
				PROVISIONING_PROFILE = "";
			};
			name = Release;
		};
		0CA5B95C19C36740001322A0 /* Debug */ = {
			isa = XCBuildConfiguration;
			buildSettings = {
				BUNDLE_LOADER = "$(TEST_HOST)";
				FRAMEWORK_SEARCH_PATHS = (
					"$(SDKROOT)/Developer/Library/Frameworks",
					"$(inherited)",
				);
				GCC_PREPROCESSOR_DEFINITIONS = (
					"DEBUG=1",
					"$(inherited)",
				);
				INFOPLIST_FILE = orngTests/Info.plist;
				LD_RUNPATH_SEARCH_PATHS = "$(inherited) @executable_path/Frameworks @loader_path/Frameworks";
				PRODUCT_NAME = "$(TARGET_NAME)";
				TEST_HOST = "$(BUILT_PRODUCTS_DIR)/orng.app/orng";
			};
			name = Debug;
		};
		0CA5B95D19C36740001322A0 /* Release */ = {
			isa = XCBuildConfiguration;
			buildSettings = {
				BUNDLE_LOADER = "$(TEST_HOST)";
				FRAMEWORK_SEARCH_PATHS = (
					"$(SDKROOT)/Developer/Library/Frameworks",
					"$(inherited)",
				);
				INFOPLIST_FILE = orngTests/Info.plist;
				LD_RUNPATH_SEARCH_PATHS = "$(inherited) @executable_path/Frameworks @loader_path/Frameworks";
				PRODUCT_NAME = "$(TARGET_NAME)";
				TEST_HOST = "$(BUILT_PRODUCTS_DIR)/orng.app/orng";
			};
			name = Release;
		};
/* End XCBuildConfiguration section */

/* Begin XCConfigurationList section */
		0CA5B93019C36740001322A0 /* Build configuration list for PBXProject "orng" */ = {
			isa = XCConfigurationList;
			buildConfigurations = (
				0CA5B95619C36740001322A0 /* Debug */,
				0CA5B95719C36740001322A0 /* Release */,
			);
			defaultConfigurationIsVisible = 0;
			defaultConfigurationName = Release;
		};
		0CA5B95819C36740001322A0 /* Build configuration list for PBXNativeTarget "orng" */ = {
			isa = XCConfigurationList;
			buildConfigurations = (
				0CA5B95919C36740001322A0 /* Debug */,
				0CA5B95A19C36740001322A0 /* Release */,
			);
			defaultConfigurationIsVisible = 0;
			defaultConfigurationName = Release;
		};
		0CA5B95B19C36740001322A0 /* Build configuration list for PBXNativeTarget "orngTests" */ = {
			isa = XCConfigurationList;
			buildConfigurations = (
				0CA5B95C19C36740001322A0 /* Debug */,
				0CA5B95D19C36740001322A0 /* Release */,
			);
			defaultConfigurationIsVisible = 0;
			defaultConfigurationName = Release;
		};
/* End XCConfigurationList section */
	};
	rootObject = 0CA5B92D19C36740001322A0 /* Project object */;
}
